
Microsoft Visual Studio Solution File, Format Version 12.00
# Visual Studio Version 17
VisualStudioVersion = 17.5.33530.505
MinimumVisualStudioVersion = 10.0.40219.1
Project("{8BC9CEB8-8B4A-11D0-8D11-00A0C91BC942}") = "Project0204", "Project0204\Project0204.vcxproj", "{5D3F5A95-7059-45A7-AD31-AE8ABFBE0557}"
EndProject
Global
	GlobalSection(SolutionConfigurationPlatforms) = preSolution
		Debug|x64 = Debug|x64
		Debug|x86 = Debug|x86
		Release|x64 = Release|x64
		Release|x86 = Release|x86
	EndGlobalSection
	GlobalSection(ProjectConfigurationPlatforms) = postSolution
		{5D3F5A95-7059-45A7-AD31-AE8ABFBE0557}.Debug|x64.ActiveCfg = Debug|x64
		{5D3F5A95-7059-45A7-AD31-AE8ABFBE0557}.Debug|x64.Build.0 = Debug|x64
		{5D3F5A95-7059-45A7-AD31-AE8ABFBE0557}.Debug|x86.ActiveCfg = Debug|Win32
		{5D3F5A95-7059-45A7-AD31-AE8ABFBE0557}.Debug|x86.Build.0 = Debug|Win32
		{5D3F5A95-7059-45A7-AD31-AE8ABFBE0557}.Release|x64.ActiveCfg = Release|x64
		{5D3F5A95-7059-45A7-AD31-AE8ABFBE0557}.Release|x64.Build.0 = Release|x64
		{5D3F5A95-7059-45A7-AD31-AE8ABFBE0557}.Release|x86.ActiveCfg = Release|Win32
		{5D3F5A95-7059-45A7-AD31-AE8ABFBE0557}.Release|x86.Build.0 = Release|Win32
	EndGlobalSection
	GlobalSection(SolutionProperties) = preSolution
		HideSolutionNode = FALSE
	EndGlobalSection
	GlobalSection(ExtensibilityGlobals) = postSolution
		SolutionGuid = {93B095C5-A377-47EE-8980-4B494A853AC7}
	EndGlobalSection
EndGlobal
